
Microsoft Visual Studio Solution File, Format Version 12.00
# Visual Studio 15
VisualStudioVersion = 15.0.26403.3
MinimumVisualStudioVersion = 10.0.40219.1
Project("{FAE04EC0-301F-11D3-BF4B-00C04F79EFBC}") = "Shortener.DAL", "Shortener\Source\Shortener.DAL\Shortener.DAL.csproj", "{5217CB10-1B5F-4E29-94AD-0FF6ECBB25B6}"
EndProject
Project("{2150E333-8FDC-42A3-9474-1A3956D46DE8}") = "Shortener", "Shortener", "{5C4F1720-24DA-42F8-8083-828BF2FB648A}"
EndProject
Project("{2150E333-8FDC-42A3-9474-1A3956D46DE8}") = "Libs", "Libs", "{8BAA3B64-EEF8-4C01-B360-835E4CEBF8D6}"
EndProject
Project("{2150E333-8FDC-42A3-9474-1A3956D46DE8}") = "Common", "Common", "{8B166163-A651-4CBB-8E0C-747FD4F74C6F}"
EndProject
Project("{FAE04EC0-301F-11D3-BF4B-00C04F79EFBC}") = "Common.DAL", "Common\Source\Common.DAL\Common.DAL.csproj", "{FE26968C-B571-4AC8-A29E-E56155BEA10B}"
EndProject
Project("{FAE04EC0-301F-11D3-BF4B-00C04F79EFBC}") = "Shortener.BL", "Shortener\Source\Shortener.BL\Shortener.BL.csproj", "{8077C7F4-0622-430B-BA64-59735DD30134}"
EndProject
Project("{2150E333-8FDC-42A3-9474-1A3956D46DE8}") = "Apps", "Apps", "{88C326B1-9515-44C1-8654-B3FA5E8E076A}"
EndProject
Project("{FAE04EC0-301F-11D3-BF4B-00C04F79EFBC}") = "Shortener.BE", "Shortener\Source\Shortener.BE\Shortener.BE.csproj", "{6BEF23A7-1519-4BA3-8C08-CE3AD9563C65}"
EndProject
Project("{FAE04EC0-301F-11D3-BF4B-00C04F79EFBC}") = "Shortener.Configuration", "Shortener\Source\Shortener.Configuration\Shortener.Configuration.csproj", "{3BAF486C-8259-4D9A-BF05-76C96A06F096}"
EndProject
Project("{FAE04EC0-301F-11D3-BF4B-00C04F79EFBC}") = "Shortener.Web", "Shortener.Web\Shortener.Web.csproj", "{B160952B-F613-4F8B-BA50-80872DD952FA}"
EndProject
Global
	GlobalSection(SolutionConfigurationPlatforms) = preSolution
		Debug|Any CPU = Debug|Any CPU
		Release|Any CPU = Release|Any CPU
	EndGlobalSection
	GlobalSection(ProjectConfigurationPlatforms) = postSolution
		{5217CB10-1B5F-4E29-94AD-0FF6ECBB25B6}.Debug|Any CPU.ActiveCfg = Debug|Any CPU
		{5217CB10-1B5F-4E29-94AD-0FF6ECBB25B6}.Debug|Any CPU.Build.0 = Debug|Any CPU
		{5217CB10-1B5F-4E29-94AD-0FF6ECBB25B6}.Release|Any CPU.ActiveCfg = Release|Any CPU
		{5217CB10-1B5F-4E29-94AD-0FF6ECBB25B6}.Release|Any CPU.Build.0 = Release|Any CPU
		{FE26968C-B571-4AC8-A29E-E56155BEA10B}.Debug|Any CPU.ActiveCfg = Debug|Any CPU
		{FE26968C-B571-4AC8-A29E-E56155BEA10B}.Debug|Any CPU.Build.0 = Debug|Any CPU
		{FE26968C-B571-4AC8-A29E-E56155BEA10B}.Release|Any CPU.ActiveCfg = Release|Any CPU
		{FE26968C-B571-4AC8-A29E-E56155BEA10B}.Release|Any CPU.Build.0 = Release|Any CPU
		{8077C7F4-0622-430B-BA64-59735DD30134}.Debug|Any CPU.ActiveCfg = Debug|Any CPU
		{8077C7F4-0622-430B-BA64-59735DD30134}.Debug|Any CPU.Build.0 = Debug|Any CPU
		{8077C7F4-0622-430B-BA64-59735DD30134}.Release|Any CPU.ActiveCfg = Release|Any CPU
		{8077C7F4-0622-430B-BA64-59735DD30134}.Release|Any CPU.Build.0 = Release|Any CPU
		{6BEF23A7-1519-4BA3-8C08-CE3AD9563C65}.Debug|Any CPU.ActiveCfg = Debug|Any CPU
		{6BEF23A7-1519-4BA3-8C08-CE3AD9563C65}.Debug|Any CPU.Build.0 = Debug|Any CPU
		{6BEF23A7-1519-4BA3-8C08-CE3AD9563C65}.Release|Any CPU.ActiveCfg = Release|Any CPU
		{6BEF23A7-1519-4BA3-8C08-CE3AD9563C65}.Release|Any CPU.Build.0 = Release|Any CPU
		{3BAF486C-8259-4D9A-BF05-76C96A06F096}.Debug|Any CPU.ActiveCfg = Debug|Any CPU
		{3BAF486C-8259-4D9A-BF05-76C96A06F096}.Debug|Any CPU.Build.0 = Debug|Any CPU
		{3BAF486C-8259-4D9A-BF05-76C96A06F096}.Release|Any CPU.ActiveCfg = Release|Any CPU
		{3BAF486C-8259-4D9A-BF05-76C96A06F096}.Release|Any CPU.Build.0 = Release|Any CPU
		{B160952B-F613-4F8B-BA50-80872DD952FA}.Debug|Any CPU.ActiveCfg = Debug|Any CPU
		{B160952B-F613-4F8B-BA50-80872DD952FA}.Debug|Any CPU.Build.0 = Debug|Any CPU
		{B160952B-F613-4F8B-BA50-80872DD952FA}.Release|Any CPU.ActiveCfg = Release|Any CPU
		{B160952B-F613-4F8B-BA50-80872DD952FA}.Release|Any CPU.Build.0 = Release|Any CPU
	EndGlobalSection
	GlobalSection(SolutionProperties) = preSolution
		HideSolutionNode = FALSE
	EndGlobalSection
	GlobalSection(NestedProjects) = preSolution
		{5217CB10-1B5F-4E29-94AD-0FF6ECBB25B6} = {8BAA3B64-EEF8-4C01-B360-835E4CEBF8D6}
		{8BAA3B64-EEF8-4C01-B360-835E4CEBF8D6} = {5C4F1720-24DA-42F8-8083-828BF2FB648A}
		{FE26968C-B571-4AC8-A29E-E56155BEA10B} = {8B166163-A651-4CBB-8E0C-747FD4F74C6F}
		{8077C7F4-0622-430B-BA64-59735DD30134} = {8BAA3B64-EEF8-4C01-B360-835E4CEBF8D6}
		{88C326B1-9515-44C1-8654-B3FA5E8E076A} = {5C4F1720-24DA-42F8-8083-828BF2FB648A}
		{6BEF23A7-1519-4BA3-8C08-CE3AD9563C65} = {8BAA3B64-EEF8-4C01-B360-835E4CEBF8D6}
		{3BAF486C-8259-4D9A-BF05-76C96A06F096} = {8BAA3B64-EEF8-4C01-B360-835E4CEBF8D6}
		{B160952B-F613-4F8B-BA50-80872DD952FA} = {88C326B1-9515-44C1-8654-B3FA5E8E076A}
	EndGlobalSection
EndGlobal
